// !$*UTF8*$!
{
	archiveVersion = 1;
	classes = {
	};
	objectVersion = 50;
	objects = {

/* Begin PBXBuildFile section */
		3E9A3D9F25DEA9D900B6D7FD /* Constants.swift in Sources */ = {isa = PBXBuildFile; fileRef = 3E9A3D9E25DEA9D900B6D7FD /* Constants.swift */; };
		3E9A3DA325DEAAD500B6D7FD /* FooterView.swift in Sources */ = {isa = PBXBuildFile; fileRef = 3E9A3DA225DEAAD500B6D7FD /* FooterView.swift */; };
		3E9A3DB425DEAB5F00B6D7FD /* category.json in Resources */ = {isa = PBXBuildFile; fileRef = 3E9A3DB025DEAB5F00B6D7FD /* category.json */; };
		3E9A3DB525DEAB5F00B6D7FD /* player.json in Resources */ = {isa = PBXBuildFile; fileRef = 3E9A3DB125DEAB5F00B6D7FD /* player.json */; };
		3E9A3DB625DEAB5F00B6D7FD /* brand.json in Resources */ = {isa = PBXBuildFile; fileRef = 3E9A3DB225DEAB5F00B6D7FD /* brand.json */; };
		3E9A3DB725DEAB5F00B6D7FD /* product.json in Resources */ = {isa = PBXBuildFile; fileRef = 3E9A3DB325DEAB5F00B6D7FD /* product.json */; };
		3E9A3DBD25DEAE8C00B6D7FD /* NavigationBarView.swift in Sources */ = {isa = PBXBuildFile; fileRef = 3E9A3DBC25DEAE8C00B6D7FD /* NavigationBarView.swift */; };
		3EED7D2B25DE7A4D00B745F9 /* TouchDownApp.swift in Sources */ = {isa = PBXBuildFile; fileRef = 3EED7D2A25DE7A4D00B745F9 /* TouchDownApp.swift */; };
		3EED7D2D25DE7A4D00B745F9 /* ContentView.swift in Sources */ = {isa = PBXBuildFile; fileRef = 3EED7D2C25DE7A4D00B745F9 /* ContentView.swift */; };
		3EED7D2F25DE7A4F00B745F9 /* Assets.xcassets in Resources */ = {isa = PBXBuildFile; fileRef = 3EED7D2E25DE7A4F00B745F9 /* Assets.xcassets */; };
		3EED7D3225DE7A4F00B745F9 /* Preview Assets.xcassets in Resources */ = {isa = PBXBuildFile; fileRef = 3EED7D3125DE7A4F00B745F9 /* Preview Assets.xcassets */; };
/* End PBXBuildFile section */

/* Begin PBXFileReference section */
		3E9A3D9E25DEA9D900B6D7FD /* Constants.swift */ = {isa = PBXFileReference; lastKnownFileType = sourcecode.swift; path = Constants.swift; sourceTree = "<group>"; };
		3E9A3DA225DEAAD500B6D7FD /* FooterView.swift */ = {isa = PBXFileReference; lastKnownFileType = sourcecode.swift; path = FooterView.swift; sourceTree = "<group>"; };
		3E9A3DB025DEAB5F00B6D7FD /* category.json */ = {isa = PBXFileReference; fileEncoding = 4; lastKnownFileType = text.json; path = category.json; sourceTree = "<group>"; };
		3E9A3DB125DEAB5F00B6D7FD /* player.json */ = {isa = PBXFileReference; fileEncoding = 4; lastKnownFileType = text.json; path = player.json; sourceTree = "<group>"; };
		3E9A3DB225DEAB5F00B6D7FD /* brand.json */ = {isa = PBXFileReference; fileEncoding = 4; lastKnownFileType = text.json; path = brand.json; sourceTree = "<group>"; };
		3E9A3DB325DEAB5F00B6D7FD /* product.json */ = {isa = PBXFileReference; fileEncoding = 4; lastKnownFileType = text.json; path = product.json; sourceTree = "<group>"; };
		3E9A3DBC25DEAE8C00B6D7FD /* NavigationBarView.swift */ = {isa = PBXFileReference; lastKnownFileType = sourcecode.swift; path = NavigationBarView.swift; sourceTree = "<group>"; };
		3EED7D2725DE7A4D00B745F9 /* TouchDown.app */ = {isa = PBXFileReference; explicitFileType = wrapper.application; includeInIndex = 0; path = TouchDown.app; sourceTree = BUILT_PRODUCTS_DIR; };
		3EED7D2A25DE7A4D00B745F9 /* TouchDownApp.swift */ = {isa = PBXFileReference; lastKnownFileType = sourcecode.swift; path = TouchDownApp.swift; sourceTree = "<group>"; };
		3EED7D2C25DE7A4D00B745F9 /* ContentView.swift */ = {isa = PBXFileReference; lastKnownFileType = sourcecode.swift; path = ContentView.swift; sourceTree = "<group>"; };
		3EED7D2E25DE7A4F00B745F9 /* Assets.xcassets */ = {isa = PBXFileReference; lastKnownFileType = folder.assetcatalog; path = Assets.xcassets; sourceTree = "<group>"; };
		3EED7D3125DE7A4F00B745F9 /* Preview Assets.xcassets */ = {isa = PBXFileReference; lastKnownFileType = folder.assetcatalog; path = "Preview Assets.xcassets"; sourceTree = "<group>"; };
		3EED7D3325DE7A4F00B745F9 /* Info.plist */ = {isa = PBXFileReference; lastKnownFileType = text.plist.xml; path = Info.plist; sourceTree = "<group>"; };
/* End PBXFileReference section */

/* Begin PBXFrameworksBuildPhase section */
		3EED7D2425DE7A4D00B745F9 /* Frameworks */ = {
			isa = PBXFrameworksBuildPhase;
			buildActionMask = 2147483647;
			files = (
			);
			runOnlyForDeploymentPostprocessing = 0;
		};
/* End PBXFrameworksBuildPhase section */

/* Begin PBXGroup section */
		3E9A3D8825DEA72100B6D7FD /* Data */ = {
			isa = PBXGroup;
			children = (
				3E9A3DB225DEAB5F00B6D7FD /* brand.json */,
				3E9A3DB025DEAB5F00B6D7FD /* category.json */,
				3E9A3DB125DEAB5F00B6D7FD /* player.json */,
				3E9A3DB325DEAB5F00B6D7FD /* product.json */,
			);
			path = Data;
			sourceTree = "<group>";
		};
		3E9A3D9225DEA74900B6D7FD /* App */ = {
			isa = PBXGroup;
			children = (
				3EED7D2A25DE7A4D00B745F9 /* TouchDownApp.swift */,
				3EED7D2C25DE7A4D00B745F9 /* ContentView.swift */,
				3EED7D2E25DE7A4F00B745F9 /* Assets.xcassets */,
			);
			path = App;
			sourceTree = "<group>";
		};
		3E9A3D9325DEA75000B6D7FD /* Scene */ = {
			isa = PBXGroup;
			children = (
				3E9A3D9525DEA90300B6D7FD /* Home */,
				3E9A3D9825DEA95700B6D7FD /* Detail */,
			);
			path = Scene;
			sourceTree = "<group>";
		};
		3E9A3D9525DEA90300B6D7FD /* Home */ = {
			isa = PBXGroup;
			children = (
				3E9A3DB925DEADA200B6D7FD /* ViewModels */,
				3E9A3DA525DEAADE00B6D7FD /* Views */,
			);
			path = Home;
			sourceTree = "<group>";
		};
		3E9A3D9825DEA95700B6D7FD /* Detail */ = {
			isa = PBXGroup;
			children = (
			);
			path = Detail;
			sourceTree = "<group>";
		};
		3E9A3D9925DEA95E00B6D7FD /* Model */ = {
			isa = PBXGroup;
			children = (
			);
			path = Model;
			sourceTree = "<group>";
		};
		3E9A3D9A25DEA97100B6D7FD /* Helpers */ = {
			isa = PBXGroup;
			children = (
				3E9A3D8825DEA72100B6D7FD /* Data */,
				3E9A3D9D25DEA98E00B6D7FD /* Utility */,
				3E9A3D9C25DEA98700B6D7FD /* Extension */,
				3E9A3DBB25DEAE6D00B6D7FD /* Views */,
			);
			path = Helpers;
			sourceTree = "<group>";
		};
		3E9A3D9C25DEA98700B6D7FD /* Extension */ = {
			isa = PBXGroup;
			children = (
			);
			path = Extension;
			sourceTree = "<group>";
		};
		3E9A3D9D25DEA98E00B6D7FD /* Utility */ = {
			isa = PBXGroup;
			children = (
				3E9A3D9E25DEA9D900B6D7FD /* Constants.swift */,
			);
			path = Utility;
			sourceTree = "<group>";
		};
		3E9A3DA525DEAADE00B6D7FD /* Views */ = {
			isa = PBXGroup;
			children = (
				3E9A3DA225DEAAD500B6D7FD /* FooterView.swift */,
			);
			path = Views;
			sourceTree = "<group>";
		};
		3E9A3DB925DEADA200B6D7FD /* ViewModels */ = {
			isa = PBXGroup;
			children = (
			);
			path = ViewModels;
			sourceTree = "<group>";
		};
		3E9A3DBB25DEAE6D00B6D7FD /* Views */ = {
			isa = PBXGroup;
			children = (
				3E9A3DBC25DEAE8C00B6D7FD /* NavigationBarView.swift */,
			);
			path = Views;
			sourceTree = "<group>";
		};
		3EED7D1E25DE7A4D00B745F9 = {
			isa = PBXGroup;
			children = (
				3EED7D2925DE7A4D00B745F9 /* TouchDown */,
				3EED7D2825DE7A4D00B745F9 /* Products */,
			);
			sourceTree = "<group>";
		};
		3EED7D2825DE7A4D00B745F9 /* Products */ = {
			isa = PBXGroup;
			children = (
				3EED7D2725DE7A4D00B745F9 /* TouchDown.app */,
			);
			name = Products;
			sourceTree = "<group>";
		};
		3EED7D2925DE7A4D00B745F9 /* TouchDown */ = {
			isa = PBXGroup;
			children = (
				3E9A3D9225DEA74900B6D7FD /* App */,
				3E9A3D9A25DEA97100B6D7FD /* Helpers */,
				3E9A3D9925DEA95E00B6D7FD /* Model */,
				3E9A3D9325DEA75000B6D7FD /* Scene */,
				3EED7D3025DE7A4F00B745F9 /* Preview Content */,
				3EED7D3325DE7A4F00B745F9 /* Info.plist */,
			);
			path = TouchDown;
			sourceTree = "<group>";
		};
		3EED7D3025DE7A4F00B745F9 /* Preview Content */ = {
			isa = PBXGroup;
			children = (
				3EED7D3125DE7A4F00B745F9 /* Preview Assets.xcassets */,
			);
			path = "Preview Content";
			sourceTree = "<group>";
		};
/* End PBXGroup section */

/* Begin PBXNativeTarget section */
		3EED7D2625DE7A4D00B745F9 /* TouchDown */ = {
			isa = PBXNativeTarget;
			buildConfigurationList = 3EED7D3625DE7A4F00B745F9 /* Build configuration list for PBXNativeTarget "TouchDown" */;
			buildPhases = (
				3EED7D2325DE7A4D00B745F9 /* Sources */,
				3EED7D2425DE7A4D00B745F9 /* Frameworks */,
				3EED7D2525DE7A4D00B745F9 /* Resources */,
			);
			buildRules = (
			);
			dependencies = (
			);
			name = TouchDown;
			productName = TouchDown;
			productReference = 3EED7D2725DE7A4D00B745F9 /* TouchDown.app */;
			productType = "com.apple.product-type.application";
		};
/* End PBXNativeTarget section */

/* Begin PBXProject section */
		3EED7D1F25DE7A4D00B745F9 /* Project object */ = {
			isa = PBXProject;
			attributes = {
				LastSwiftUpdateCheck = 1240;
				LastUpgradeCheck = 1240;
				TargetAttributes = {
					3EED7D2625DE7A4D00B745F9 = {
						CreatedOnToolsVersion = 12.4;
					};
				};
			};
			buildConfigurationList = 3EED7D2225DE7A4D00B745F9 /* Build configuration list for PBXProject "TouchDown" */;
			compatibilityVersion = "Xcode 9.3";
			developmentRegion = en;
			hasScannedForEncodings = 0;
			knownRegions = (
				en,
				Base,
			);
			mainGroup = 3EED7D1E25DE7A4D00B745F9;
			productRefGroup = 3EED7D2825DE7A4D00B745F9 /* Products */;
			projectDirPath = "";
			projectRoot = "";
			targets = (
				3EED7D2625DE7A4D00B745F9 /* TouchDown */,
			);
		};
/* End PBXProject section */

/* Begin PBXResourcesBuildPhase section */
		3EED7D2525DE7A4D00B745F9 /* Resources */ = {
			isa = PBXResourcesBuildPhase;
			buildActionMask = 2147483647;
			files = (
				3E9A3DB525DEAB5F00B6D7FD /* player.json in Resources */,
				3E9A3DB625DEAB5F00B6D7FD /* brand.json in Resources */,
				3E9A3DB425DEAB5F00B6D7FD /* category.json in Resources */,
				3EED7D3225DE7A4F00B745F9 /* Preview Assets.xcassets in Resources */,
				3EED7D2F25DE7A4F00B745F9 /* Assets.xcassets in Resources */,
				3E9A3DB725DEAB5F00B6D7FD /* product.json in Resources */,
			);
			runOnlyForDeploymentPostprocessing = 0;
		};
/* End PBXResourcesBuildPhase section */

/* Begin PBXSourcesBuildPhase section */
		3EED7D2325DE7A4D00B745F9 /* Sources */ = {
			isa = PBXSourcesBuildPhase;
			buildActionMask = 2147483647;
			files = (
				3EED7D2D25DE7A4D00B745F9 /* ContentView.swift in Sources */,
				3E9A3DA325DEAAD500B6D7FD /* FooterView.swift in Sources */,
				3EED7D2B25DE7A4D00B745F9 /* TouchDownApp.swift in Sources */,
				3E9A3D9F25DEA9D900B6D7FD /* Constants.swift in Sources */,
				3E9A3DBD25DEAE8C00B6D7FD /* NavigationBarView.swift in Sources */,
			);
			runOnlyForDeploymentPostprocessing = 0;
		};
/* End PBXSourcesBuildPhase section */

/* Begin XCBuildConfiguration section */
		3EED7D3425DE7A4F00B745F9 /* Debug */ = {
			isa = XCBuildConfiguration;
			buildSettings = {
				ALWAYS_SEARCH_USER_PATHS = NO;
				CLANG_ANALYZER_NONNULL = YES;
				CLANG_ANALYZER_NUMBER_OBJECT_CONVERSION = YES_AGGRESSIVE;
				CLANG_CXX_LANGUAGE_STANDARD = "gnu++14";
				CLANG_CXX_LIBRARY = "libc++";
				CLANG_ENABLE_MODULES = YES;
				CLANG_ENABLE_OBJC_ARC = YES;
				CLANG_ENABLE_OBJC_WEAK = YES;
				CLANG_WARN_BLOCK_CAPTURE_AUTORELEASING = YES;
				CLANG_WARN_BOOL_CONVERSION = YES;
				CLANG_WARN_COMMA = YES;
				CLANG_WARN_CONSTANT_CONVERSION = YES;
				CLANG_WARN_DEPRECATED_OBJC_IMPLEMENTATIONS = YES;
				CLANG_WARN_DIRECT_OBJC_ISA_USAGE = YES_ERROR;
				CLANG_WARN_DOCUMENTATION_COMMENTS = YES;
				CLANG_WARN_EMPTY_BODY = YES;
				CLANG_WARN_ENUM_CONVERSION = YES;
				CLANG_WARN_INFINITE_RECURSION = YES;
				CLANG_WARN_INT_CONVERSION = YES;
				CLANG_WARN_NON_LITERAL_NULL_CONVERSION = YES;
				CLANG_WARN_OBJC_IMPLICIT_RETAIN_SELF = YES;
				CLANG_WARN_OBJC_LITERAL_CONVERSION = YES;
				CLANG_WARN_OBJC_ROOT_CLASS = YES_ERROR;
				CLANG_WARN_QUOTED_INCLUDE_IN_FRAMEWORK_HEADER = YES;
				CLANG_WARN_RANGE_LOOP_ANALYSIS = YES;
				CLANG_WARN_STRICT_PROTOTYPES = YES;
				CLANG_WARN_SUSPICIOUS_MOVE = YES;
				CLANG_WARN_UNGUARDED_AVAILABILITY = YES_AGGRESSIVE;
				CLANG_WARN_UNREACHABLE_CODE = YES;
				CLANG_WARN__DUPLICATE_METHOD_MATCH = YES;
				COPY_PHASE_STRIP = NO;
				DEBUG_INFORMATION_FORMAT = dwarf;
				ENABLE_STRICT_OBJC_MSGSEND = YES;
				ENABLE_TESTABILITY = YES;
				GCC_C_LANGUAGE_STANDARD = gnu11;
				GCC_DYNAMIC_NO_PIC = NO;
				GCC_NO_COMMON_BLOCKS = YES;
				GCC_OPTIMIZATION_LEVEL = 0;
				GCC_PREPROCESSOR_DEFINITIONS = (
					"DEBUG=1",
					"$(inherited)",
				);
				GCC_WARN_64_TO_32_BIT_CONVERSION = YES;
				GCC_WARN_ABOUT_RETURN_TYPE = YES_ERROR;
				GCC_WARN_UNDECLARED_SELECTOR = YES;
				GCC_WARN_UNINITIALIZED_AUTOS = YES_AGGRESSIVE;
				GCC_WARN_UNUSED_FUNCTION = YES;
				GCC_WARN_UNUSED_VARIABLE = YES;
				IPHONEOS_DEPLOYMENT_TARGET = 14.4;
				MTL_ENABLE_DEBUG_INFO = INCLUDE_SOURCE;
				MTL_FAST_MATH = YES;
				ONLY_ACTIVE_ARCH = YES;
				SDKROOT = iphoneos;
				SWIFT_ACTIVE_COMPILATION_CONDITIONS = DEBUG;
				SWIFT_OPTIMIZATION_LEVEL = "-Onone";
			};
			name = Debug;
		};
		3EED7D3525DE7A4F00B745F9 /* Release */ = {
			isa = XCBuildConfiguration;
			buildSettings = {
				ALWAYS_SEARCH_USER_PATHS = NO;
				CLANG_ANALYZER_NONNULL = YES;
				CLANG_ANALYZER_NUMBER_OBJECT_CONVERSION = YES_AGGRESSIVE;
				CLANG_CXX_LANGUAGE_STANDARD = "gnu++14";
				CLANG_CXX_LIBRARY = "libc++";
				CLANG_ENABLE_MODULES = YES;
				CLANG_ENABLE_OBJC_ARC = YES;
				CLANG_ENABLE_OBJC_WEAK = YES;
				CLANG_WARN_BLOCK_CAPTURE_AUTORELEASING = YES;
				CLANG_WARN_BOOL_CONVERSION = YES;
				CLANG_WARN_COMMA = YES;
				CLANG_WARN_CONSTANT_CONVERSION = YES;
				CLANG_WARN_DEPRECATED_OBJC_IMPLEMENTATIONS = YES;
				CLANG_WARN_DIRECT_OBJC_ISA_USAGE = YES_ERROR;
				CLANG_WARN_DOCUMENTATION_COMMENTS = YES;
				CLANG_WARN_EMPTY_BODY = YES;
				CLANG_WARN_ENUM_CONVERSION = YES;
				CLANG_WARN_INFINITE_RECURSION = YES;
				CLANG_WARN_INT_CONVERSION = YES;
				CLANG_WARN_NON_LITERAL_NULL_CONVERSION = YES;
				CLANG_WARN_OBJC_IMPLICIT_RETAIN_SELF = YES;
				CLANG_WARN_OBJC_LITERAL_CONVERSION = YES;
				CLANG_WARN_OBJC_ROOT_CLASS = YES_ERROR;
				CLANG_WARN_QUOTED_INCLUDE_IN_FRAMEWORK_HEADER = YES;
				CLANG_WARN_RANGE_LOOP_ANALYSIS = YES;
				CLANG_WARN_STRICT_PROTOTYPES = YES;
				CLANG_WARN_SUSPICIOUS_MOVE = YES;
				CLANG_WARN_UNGUARDED_AVAILABILITY = YES_AGGRESSIVE;
				CLANG_WARN_UNREACHABLE_CODE = YES;
				CLANG_WARN__DUPLICATE_METHOD_MATCH = YES;
				COPY_PHASE_STRIP = NO;
				DEBUG_INFORMATION_FORMAT = "dwarf-with-dsym";
				ENABLE_NS_ASSERTIONS = NO;
				ENABLE_STRICT_OBJC_MSGSEND = YES;
				GCC_C_LANGUAGE_STANDARD = gnu11;
				GCC_NO_COMMON_BLOCKS = YES;
				GCC_WARN_64_TO_32_BIT_CONVERSION = YES;
				GCC_WARN_ABOUT_RETURN_TYPE = YES_ERROR;
				GCC_WARN_UNDECLARED_SELECTOR = YES;
				GCC_WARN_UNINITIALIZED_AUTOS = YES_AGGRESSIVE;
				GCC_WARN_UNUSED_FUNCTION = YES;
				GCC_WARN_UNUSED_VARIABLE = YES;
				IPHONEOS_DEPLOYMENT_TARGET = 14.4;
				MTL_ENABLE_DEBUG_INFO = NO;
				MTL_FAST_MATH = YES;
				SDKROOT = iphoneos;
				SWIFT_COMPILATION_MODE = wholemodule;
				SWIFT_OPTIMIZATION_LEVEL = "-O";
				VALIDATE_PRODUCT = YES;
			};
			name = Release;
		};
		3EED7D3725DE7A4F00B745F9 /* Debug */ = {
			isa = XCBuildConfiguration;
			buildSettings = {
				ASSETCATALOG_COMPILER_APPICON_NAME = AppIcon;
				ASSETCATALOG_COMPILER_GLOBAL_ACCENT_COLOR_NAME = AccentColor;
				CODE_SIGN_STYLE = Automatic;
				DEVELOPMENT_ASSET_PATHS = "\"TouchDown/Preview Content\"";
				DEVELOPMENT_TEAM = T9ZCYF5F85;
				ENABLE_PREVIEWS = YES;
				INFOPLIST_FILE = TouchDown/Info.plist;
				IPHONEOS_DEPLOYMENT_TARGET = 14.0;
				LD_RUNPATH_SEARCH_PATHS = (
					"$(inherited)",
					"@executable_path/Frameworks",
				);
				PRODUCT_BUNDLE_IDENTIFIER = tisobyn.TouchDown;
				PRODUCT_NAME = "$(TARGET_NAME)";
				SWIFT_VERSION = 5.0;
				TARGETED_DEVICE_FAMILY = "1,2";
			};
			name = Debug;
		};
		3EED7D3825DE7A4F00B745F9 /* Release */ = {
			isa = XCBuildConfiguration;
			buildSettings = {
				ASSETCATALOG_COMPILER_APPICON_NAME = AppIcon;
				ASSETCATALOG_COMPILER_GLOBAL_ACCENT_COLOR_NAME = AccentColor;
				CODE_SIGN_STYLE = Automatic;
				DEVELOPMENT_ASSET_PATHS = "\"TouchDown/Preview Content\"";
				DEVELOPMENT_TEAM = T9ZCYF5F85;
				ENABLE_PREVIEWS = YES;
				INFOPLIST_FILE = TouchDown/Info.plist;
				IPHONEOS_DEPLOYMENT_TARGET = 14.0;
				LD_RUNPATH_SEARCH_PATHS = (
					"$(inherited)",
					"@executable_path/Frameworks",
				);
				PRODUCT_BUNDLE_IDENTIFIER = tisobyn.TouchDown;
				PRODUCT_NAME = "$(TARGET_NAME)";
				SWIFT_VERSION = 5.0;
				TARGETED_DEVICE_FAMILY = "1,2";
			};
			name = Release;
		};
/* End XCBuildConfiguration section */

/* Begin XCConfigurationList section */
		3EED7D2225DE7A4D00B745F9 /* Build configuration list for PBXProject "TouchDown" */ = {
			isa = XCConfigurationList;
			buildConfigurations = (
				3EED7D3425DE7A4F00B745F9 /* Debug */,
				3EED7D3525DE7A4F00B745F9 /* Release */,
			);
			defaultConfigurationIsVisible = 0;
			defaultConfigurationName = Release;
		};
		3EED7D3625DE7A4F00B745F9 /* Build configuration list for PBXNativeTarget "TouchDown" */ = {
			isa = XCConfigurationList;
			buildConfigurations = (
				3EED7D3725DE7A4F00B745F9 /* Debug */,
				3EED7D3825DE7A4F00B745F9 /* Release */,
			);
			defaultConfigurationIsVisible = 0;
			defaultConfigurationName = Release;
		};
/* End XCConfigurationList section */
	};
	rootObject = 3EED7D1F25DE7A4D00B745F9 /* Project object */;
}
